<Solution>
  <Project Path="ElectronicHandyman.Api/ElectronicHandyman.Api.csproj" />
  <Project Path="ElectronicHandyman.App/ElectronicHandyman.App.csproj" />
  <Project Path="ElectronicHandyman.Domain/ElectronicHandyman.Domain.csproj" />
  <Project Path="ElectronicHandyman.Scrapper/ElectronicHandyman.Scrapper.csproj" />
  <Project Path="ElectronicHandyman.Services\ElectronicHandyman.Services.csproj" Type="C#" />
</Solution>